// !$*UTF8*$!
{
	archiveVersion = 1;
	classes = {
	};
	objectVersion = 77;
	objects = {

/* Begin PBXBuildFile section */
		9B021C7C2CDC0D2000033822 /* MovieView.swift in Sources */ = {isa = PBXBuildFile; fileRef = 9B021C7B2CDC0D0A00033822 /* MovieView.swift */; };
		9B11CA1C2CCBD5000048B295 /* AppDelegate.swift in Sources */ = {isa = PBXBuildFile; fileRef = 9B11CA132CCBD5000048B295 /* AppDelegate.swift */; };
		9B11CA1F2CCBD5000048B295 /* Assets.xcassets in Resources */ = {isa = PBXBuildFile; fileRef = 9B11CA142CCBD5000048B295 /* Assets.xcassets */; };
		9B11CA212CCBD5000048B295 /* LaunchScreen.storyboard in Resources */ = {isa = PBXBuildFile; fileRef = 9B11CA162CCBD5000048B295 /* LaunchScreen.storyboard */; };
		9B1C9F8E2CCD6F79002D3108 /* MovieDetailView.swift in Sources */ = {isa = PBXBuildFile; fileRef = 9B1C9F8D2CCD6F6A002D3108 /* MovieDetailView.swift */; };
		9B1C9F912CCD72BB002D3108 /* StackCustom.swift in Sources */ = {isa = PBXBuildFile; fileRef = 9B1C9F902CCD72A4002D3108 /* StackCustom.swift */; };
		9B1C9F932CCD75FC002D3108 /* ImageCustom.swift in Sources */ = {isa = PBXBuildFile; fileRef = 9B1C9F922CCD75F7002D3108 /* ImageCustom.swift */; };
		9B2A5C4E2CCFEE410025B4A4 /* MoviesViewController.swift in Sources */ = {isa = PBXBuildFile; fileRef = 9B2A5C4D2CCFEE2B0025B4A4 /* MoviesViewController.swift */; };
		9B2A5C592CCFF67B0025B4A4 /* Localizable.xcstrings in Resources */ = {isa = PBXBuildFile; fileRef = 9B2A5C582CCFF67B0025B4A4 /* Localizable.xcstrings */; };
		9B3045772CDD1FA700C95F35 /* TitleLabel.swift in Sources */ = {isa = PBXBuildFile; fileRef = 9B3045762CDD1F9A00C95F35 /* TitleLabel.swift */; };
		9B3045792CDD220B00C95F35 /* InfoLabel.swift in Sources */ = {isa = PBXBuildFile; fileRef = 9B3045782CDD220000C95F35 /* InfoLabel.swift */; };
		9B30457B2CDD241C00C95F35 /* SubTitleLabel.swift in Sources */ = {isa = PBXBuildFile; fileRef = 9B30457A2CDD241500C95F35 /* SubTitleLabel.swift */; };
		9B5178BB2CD28809007C7F88 /* TabBarViewController.swift in Sources */ = {isa = PBXBuildFile; fileRef = 9B5178BA2CD287FF007C7F88 /* TabBarViewController.swift */; };
		9B8F27FE2CCEB0810055C2A1 /* CustomLabel.swift in Sources */ = {isa = PBXBuildFile; fileRef = 9B8F27FD2CCEB0720055C2A1 /* CustomLabel.swift */; };
		9B8F28012CCEBE1C0055C2A1 /* Movie.swift in Sources */ = {isa = PBXBuildFile; fileRef = 9B8F28002CCEBE1A0055C2A1 /* Movie.swift */; };
		9B8F28032CCEBE9D0055C2A1 /* MovieDetailViewController.swift in Sources */ = {isa = PBXBuildFile; fileRef = 9B8F28022CCEBE920055C2A1 /* MovieDetailViewController.swift */; };
		9B9866952CD02214009F13FD /* MoviesList.swift in Sources */ = {isa = PBXBuildFile; fileRef = 9B9866942CD0220D009F13FD /* MoviesList.swift */; };
		9B9AE00C2CD5629C004E3A2E /* APIClient.swift in Sources */ = {isa = PBXBuildFile; fileRef = 9B9AE00B2CD56294004E3A2E /* APIClient.swift */; };
		9B9AE00E2CD56496004E3A2E /* MoviesListView.swift in Sources */ = {isa = PBXBuildFile; fileRef = 9B9AE00D2CD5648B004E3A2E /* MoviesListView.swift */; };
		9BAFD8582CD295F9007579F6 /* MoviesListViewController.swift in Sources */ = {isa = PBXBuildFile; fileRef = 9BAFD8572CD295F9007579F6 /* MoviesListViewController.swift */; };
		9BF9E09D2CD13C430088BBFF /* NotFoundView.swift in Sources */ = {isa = PBXBuildFile; fileRef = 9BF9E09C2CD13C240088BBFF /* NotFoundView.swift */; };
		9BF9E09F2CD149080088BBFF /* SearchBarView.swift in Sources */ = {isa = PBXBuildFile; fileRef = 9BF9E09E2CD149000088BBFF /* SearchBarView.swift */; };
/* End PBXBuildFile section */

/* Begin PBXFileReference section */
		9B021C7B2CDC0D0A00033822 /* MovieView.swift */ = {isa = PBXFileReference; lastKnownFileType = sourcecode.swift; path = MovieView.swift; sourceTree = "<group>"; };
		9B11CA132CCBD5000048B295 /* AppDelegate.swift */ = {isa = PBXFileReference; lastKnownFileType = sourcecode.swift; path = AppDelegate.swift; sourceTree = "<group>"; };
		9B11CA142CCBD5000048B295 /* Assets.xcassets */ = {isa = PBXFileReference; lastKnownFileType = folder.assetcatalog; path = Assets.xcassets; sourceTree = "<group>"; };
		9B11CA152CCBD5000048B295 /* Info.plist */ = {isa = PBXFileReference; lastKnownFileType = text.plist.xml; path = Info.plist; sourceTree = "<group>"; };
		9B11CA1A2CCBD5000048B295 /* Base */ = {isa = PBXFileReference; lastKnownFileType = file.storyboard; name = Base; path = Base.lproj/LaunchScreen.storyboard; sourceTree = "<group>"; };
		9B1C9F8D2CCD6F6A002D3108 /* MovieDetailView.swift */ = {isa = PBXFileReference; lastKnownFileType = sourcecode.swift; path = MovieDetailView.swift; sourceTree = "<group>"; };
		9B1C9F902CCD72A4002D3108 /* StackCustom.swift */ = {isa = PBXFileReference; lastKnownFileType = sourcecode.swift; path = StackCustom.swift; sourceTree = "<group>"; };
		9B1C9F922CCD75F7002D3108 /* ImageCustom.swift */ = {isa = PBXFileReference; lastKnownFileType = sourcecode.swift; path = ImageCustom.swift; sourceTree = "<group>"; };
		9B2A5C4D2CCFEE2B0025B4A4 /* MoviesViewController.swift */ = {isa = PBXFileReference; lastKnownFileType = sourcecode.swift; path = MoviesViewController.swift; sourceTree = "<group>"; };
		9B2A5C582CCFF67B0025B4A4 /* Localizable.xcstrings */ = {isa = PBXFileReference; lastKnownFileType = text.json.xcstrings; path = Localizable.xcstrings; sourceTree = SOURCE_ROOT; };
		9B3045762CDD1F9A00C95F35 /* TitleLabel.swift */ = {isa = PBXFileReference; lastKnownFileType = sourcecode.swift; path = TitleLabel.swift; sourceTree = "<group>"; };
		9B3045782CDD220000C95F35 /* InfoLabel.swift */ = {isa = PBXFileReference; lastKnownFileType = sourcecode.swift; path = InfoLabel.swift; sourceTree = "<group>"; };
		9B30457A2CDD241500C95F35 /* SubTitleLabel.swift */ = {isa = PBXFileReference; lastKnownFileType = sourcecode.swift; path = SubTitleLabel.swift; sourceTree = "<group>"; };
		9B5178BA2CD287FF007C7F88 /* TabBarViewController.swift */ = {isa = PBXFileReference; lastKnownFileType = sourcecode.swift; path = TabBarViewController.swift; sourceTree = "<group>"; };
		9B8F27FD2CCEB0720055C2A1 /* CustomLabel.swift */ = {isa = PBXFileReference; lastKnownFileType = sourcecode.swift; path = CustomLabel.swift; sourceTree = "<group>"; };
		9B8F28002CCEBE1A0055C2A1 /* Movie.swift */ = {isa = PBXFileReference; lastKnownFileType = sourcecode.swift; path = Movie.swift; sourceTree = "<group>"; };
		9B8F28022CCEBE920055C2A1 /* MovieDetailViewController.swift */ = {isa = PBXFileReference; lastKnownFileType = sourcecode.swift; path = MovieDetailViewController.swift; sourceTree = "<group>"; };
		9B9866942CD0220D009F13FD /* MoviesList.swift */ = {isa = PBXFileReference; lastKnownFileType = sourcecode.swift; path = MoviesList.swift; sourceTree = "<group>"; };
		9B9AE00B2CD56294004E3A2E /* APIClient.swift */ = {isa = PBXFileReference; lastKnownFileType = sourcecode.swift; path = APIClient.swift; sourceTree = "<group>"; };
		9B9AE00D2CD5648B004E3A2E /* MoviesListView.swift */ = {isa = PBXFileReference; lastKnownFileType = sourcecode.swift; path = MoviesListView.swift; sourceTree = "<group>"; };
		9BAFD8572CD295F9007579F6 /* MoviesListViewController.swift */ = {isa = PBXFileReference; lastKnownFileType = sourcecode.swift; path = MoviesListViewController.swift; sourceTree = "<group>"; };
		9BC0B33D2CCB564300ECFB30 /* Movies.app */ = {isa = PBXFileReference; explicitFileType = wrapper.application; includeInIndex = 0; path = Movies.app; sourceTree = BUILT_PRODUCTS_DIR; };
		9BF9E09C2CD13C240088BBFF /* NotFoundView.swift */ = {isa = PBXFileReference; lastKnownFileType = sourcecode.swift; path = NotFoundView.swift; sourceTree = "<group>"; };
		9BF9E09E2CD149000088BBFF /* SearchBarView.swift */ = {isa = PBXFileReference; lastKnownFileType = sourcecode.swift; path = SearchBarView.swift; sourceTree = "<group>"; };
/* End PBXFileReference section */

/* Begin PBXFrameworksBuildPhase section */
		9BC0B33A2CCB564300ECFB30 /* Frameworks */ = {
			isa = PBXFrameworksBuildPhase;
			buildActionMask = 2147483647;
			files = (
			);
			runOnlyForDeploymentPostprocessing = 0;
		};
/* End PBXFrameworksBuildPhase section */

/* Begin PBXGroup section */
		9B11CA272CCC38D70048B295 /* Movies */ = {
			isa = PBXGroup;
			children = (
				9B11CA132CCBD5000048B295 /* AppDelegate.swift */,
				9B11CA162CCBD5000048B295 /* LaunchScreen.storyboard */,
				9B11CA152CCBD5000048B295 /* Info.plist */,
				9B9AE0082CD55A73004E3A2E /* Common */,
				9B9AE00A2CD55B24004E3A2E /* Services */,
				9B1C9F8F2CCD701B002D3108 /* View */,
				9B1C9F8C2CCD6F5C002D3108 /* ViewControllers */,
			);
			path = Movies;
			sourceTree = "<group>";
		};
		9B1C9F8C2CCD6F5C002D3108 /* ViewControllers */ = {
			isa = PBXGroup;
			children = (
				9B2A5C4D2CCFEE2B0025B4A4 /* MoviesViewController.swift */,
				9B8F28022CCEBE920055C2A1 /* MovieDetailViewController.swift */,
				9BAFD8572CD295F9007579F6 /* MoviesListViewController.swift */,
				9B5178BA2CD287FF007C7F88 /* TabBarViewController.swift */,
			);
			path = ViewControllers;
			sourceTree = "<group>";
		};
		9B1C9F8F2CCD701B002D3108 /* View */ = {
			isa = PBXGroup;
			children = (
				9B021C7B2CDC0D0A00033822 /* MovieView.swift */,
				9B9AE00D2CD5648B004E3A2E /* MoviesListView.swift */,
				9BF9E09E2CD149000088BBFF /* SearchBarView.swift */,
				9BF9E09C2CD13C240088BBFF /* NotFoundView.swift */,
				9B5178BC2CD28BF0007C7F88 /* Custom */,
				9B1C9F8D2CCD6F6A002D3108 /* MovieDetailView.swift */,
			);
			path = View;
			sourceTree = "<group>";
		};
		9B3045752CDD1F9000C95F35 /* Labels */ = {
			isa = PBXGroup;
			children = (
				9B30457A2CDD241500C95F35 /* SubTitleLabel.swift */,
				9B3045782CDD220000C95F35 /* InfoLabel.swift */,
				9B3045762CDD1F9A00C95F35 /* TitleLabel.swift */,
			);
			path = Labels;
			sourceTree = "<group>";
		};
		9B5178BC2CD28BF0007C7F88 /* Custom */ = {
			isa = PBXGroup;
			children = (
				9B3045752CDD1F9000C95F35 /* Labels */,
				9B8F27FD2CCEB0720055C2A1 /* CustomLabel.swift */,
				9B1C9F922CCD75F7002D3108 /* ImageCustom.swift */,
				9B1C9F902CCD72A4002D3108 /* StackCustom.swift */,
			);
			path = Custom;
			sourceTree = "<group>";
		};
		9B8F27FF2CCEBE110055C2A1 /* Model */ = {
			isa = PBXGroup;
			children = (
				9B9866942CD0220D009F13FD /* MoviesList.swift */,
				9B8F28002CCEBE1A0055C2A1 /* Movie.swift */,
			);
			path = Model;
			sourceTree = "<group>";
		};
		9B9AE0082CD55A73004E3A2E /* Common */ = {
			isa = PBXGroup;
			children = (
				9B2A5C582CCFF67B0025B4A4 /* Localizable.xcstrings */,
				9B9AE0132CD57863004E3A2E /* Utils */,
				9B9AE0092CD55A79004E3A2E /* Resources */,
			);
			path = Common;
			sourceTree = "<group>";
		};
		9B9AE0092CD55A79004E3A2E /* Resources */ = {
			isa = PBXGroup;
			children = (
				9B11CA142CCBD5000048B295 /* Assets.xcassets */,
			);
			path = Resources;
			sourceTree = "<group>";
		};
		9B9AE00A2CD55B24004E3A2E /* Services */ = {
			isa = PBXGroup;
			children = (
				9B9AE00B2CD56294004E3A2E /* APIClient.swift */,
				9B8F27FF2CCEBE110055C2A1 /* Model */,
			);
			path = Services;
			sourceTree = "<group>";
		};
		9B9AE0132CD57863004E3A2E /* Utils */ = {
			isa = PBXGroup;
			children = (
			);
			path = Utils;
			sourceTree = "<group>";
		};
		9BC0B3342CCB564300ECFB30 = {
			isa = PBXGroup;
			children = (
				9B11CA272CCC38D70048B295 /* Movies */,
				9BC0B33E2CCB564300ECFB30 /* Products */,
			);
			sourceTree = "<group>";
		};
		9BC0B33E2CCB564300ECFB30 /* Products */ = {
			isa = PBXGroup;
			children = (
				9BC0B33D2CCB564300ECFB30 /* Movies.app */,
			);
			name = Products;
			sourceTree = "<group>";
		};
/* End PBXGroup section */

/* Begin PBXNativeTarget section */
		9BC0B33C2CCB564300ECFB30 /* Movies */ = {
			isa = PBXNativeTarget;
			buildConfigurationList = 9BC0B3502CCB564500ECFB30 /* Build configuration list for PBXNativeTarget "Movies" */;
			buildPhases = (
				9BC0B3392CCB564300ECFB30 /* Sources */,
				9BC0B33A2CCB564300ECFB30 /* Frameworks */,
				9BC0B33B2CCB564300ECFB30 /* Resources */,
			);
			buildRules = (
			);
			dependencies = (
			);
			name = Movies;
			packageProductDependencies = (
			);
			productName = Movies;
			productReference = 9BC0B33D2CCB564300ECFB30 /* Movies.app */;
			productType = "com.apple.product-type.application";
		};
/* End PBXNativeTarget section */

/* Begin PBXProject section */
		9BC0B3352CCB564300ECFB30 /* Project object */ = {
			isa = PBXProject;
			attributes = {
				BuildIndependentTargetsInParallel = 1;
				LastSwiftUpdateCheck = 1600;
				LastUpgradeCheck = 1600;
				TargetAttributes = {
					9BC0B33C2CCB564300ECFB30 = {
						CreatedOnToolsVersion = 16.0;
					};
				};
			};
			buildConfigurationList = 9BC0B3382CCB564300ECFB30 /* Build configuration list for PBXProject "Movies" */;
			developmentRegion = en;
			hasScannedForEncodings = 0;
			knownRegions = (
				en,
				Base,
			);
			mainGroup = 9BC0B3342CCB564300ECFB30;
			minimizedProjectReferenceProxies = 1;
			preferredProjectObjectVersion = 77;
			productRefGroup = 9BC0B33E2CCB564300ECFB30 /* Products */;
			projectDirPath = "";
			projectRoot = "";
			targets = (
				9BC0B33C2CCB564300ECFB30 /* Movies */,
			);
		};
/* End PBXProject section */

/* Begin PBXResourcesBuildPhase section */
		9BC0B33B2CCB564300ECFB30 /* Resources */ = {
			isa = PBXResourcesBuildPhase;
			buildActionMask = 2147483647;
			files = (
				9B11CA1F2CCBD5000048B295 /* Assets.xcassets in Resources */,
				9B11CA212CCBD5000048B295 /* LaunchScreen.storyboard in Resources */,
				9B2A5C592CCFF67B0025B4A4 /* Localizable.xcstrings in Resources */,
			);
			runOnlyForDeploymentPostprocessing = 0;
		};
/* End PBXResourcesBuildPhase section */

/* Begin PBXSourcesBuildPhase section */
		9BC0B3392CCB564300ECFB30 /* Sources */ = {
			isa = PBXSourcesBuildPhase;
			buildActionMask = 2147483647;
			files = (
				9B1C9F8E2CCD6F79002D3108 /* MovieDetailView.swift in Sources */,
				9B3045792CDD220B00C95F35 /* InfoLabel.swift in Sources */,
				9B30457B2CDD241C00C95F35 /* SubTitleLabel.swift in Sources */,
				9B8F28012CCEBE1C0055C2A1 /* Movie.swift in Sources */,
				9B11CA1C2CCBD5000048B295 /* AppDelegate.swift in Sources */,
				9BF9E09D2CD13C430088BBFF /* NotFoundView.swift in Sources */,
				9B1C9F932CCD75FC002D3108 /* ImageCustom.swift in Sources */,
				9B1C9F912CCD72BB002D3108 /* StackCustom.swift in Sources */,
				9B2A5C4E2CCFEE410025B4A4 /* MoviesViewController.swift in Sources */,
				9B9AE00C2CD5629C004E3A2E /* APIClient.swift in Sources */,
				9B9AE00E2CD56496004E3A2E /* MoviesListView.swift in Sources */,
				9B8F28032CCEBE9D0055C2A1 /* MovieDetailViewController.swift in Sources */,
				9BAFD8582CD295F9007579F6 /* MoviesListViewController.swift in Sources */,
				9B8F27FE2CCEB0810055C2A1 /* CustomLabel.swift in Sources */,
				9BF9E09F2CD149080088BBFF /* SearchBarView.swift in Sources */,
				9B5178BB2CD28809007C7F88 /* TabBarViewController.swift in Sources */,
				9B3045772CDD1FA700C95F35 /* TitleLabel.swift in Sources */,
				9B9866952CD02214009F13FD /* MoviesList.swift in Sources */,
				9B021C7C2CDC0D2000033822 /* MovieView.swift in Sources */,
			);
			runOnlyForDeploymentPostprocessing = 0;
		};
/* End PBXSourcesBuildPhase section */

/* Begin PBXVariantGroup section */
		9B11CA162CCBD5000048B295 /* LaunchScreen.storyboard */ = {
			isa = PBXVariantGroup;
			children = (
				9B11CA1A2CCBD5000048B295 /* Base */,
			);
			name = LaunchScreen.storyboard;
			sourceTree = "<group>";
		};
/* End PBXVariantGroup section */

/* Begin XCBuildConfiguration section */
		9BC0B3512CCB564500ECFB30 /* Debug */ = {
			isa = XCBuildConfiguration;
			buildSettings = {
				ASSETCATALOG_COMPILER_APPICON_NAME = AppIcon;
				ASSETCATALOG_COMPILER_GLOBAL_ACCENT_COLOR_NAME = AccentColor;
				CODE_SIGN_STYLE = Automatic;
				CURRENT_PROJECT_VERSION = 1;
				GENERATE_INFOPLIST_FILE = YES;
				INFOPLIST_FILE = Movies/Info.plist;
				INFOPLIST_KEY_UIApplicationSupportsIndirectInputEvents = YES;
				INFOPLIST_KEY_UILaunchStoryboardName = LaunchScreen;
				INFOPLIST_KEY_UISupportedInterfaceOrientations_iPad = "UIInterfaceOrientationPortrait UIInterfaceOrientationPortraitUpsideDown UIInterfaceOrientationLandscapeLeft UIInterfaceOrientationLandscapeRight";
				INFOPLIST_KEY_UISupportedInterfaceOrientations_iPhone = "UIInterfaceOrientationPortrait UIInterfaceOrientationLandscapeLeft UIInterfaceOrientationLandscapeRight";
				LD_RUNPATH_SEARCH_PATHS = (
					"$(inherited)",
					"@executable_path/Frameworks",
				);
				MARKETING_VERSION = 1.0;
				PRODUCT_BUNDLE_IDENTIFIER = com.juanrozo.Movies;
				PRODUCT_NAME = "$(TARGET_NAME)";
				SWIFT_EMIT_LOC_STRINGS = YES;
				SWIFT_VERSION = 5.0;
				TARGETED_DEVICE_FAMILY = "1,2";
			};
			name = Debug;
		};
		9BC0B3522CCB564500ECFB30 /* Release */ = {
			isa = XCBuildConfiguration;
			buildSettings = {
				ASSETCATALOG_COMPILER_APPICON_NAME = AppIcon;
				ASSETCATALOG_COMPILER_GLOBAL_ACCENT_COLOR_NAME = AccentColor;
				CODE_SIGN_STYLE = Automatic;
				CURRENT_PROJECT_VERSION = 1;
				GENERATE_INFOPLIST_FILE = YES;
				INFOPLIST_FILE = Movies/Info.plist;
				INFOPLIST_KEY_UIApplicationSupportsIndirectInputEvents = YES;
				INFOPLIST_KEY_UILaunchStoryboardName = LaunchScreen;
				INFOPLIST_KEY_UISupportedInterfaceOrientations_iPad = "UIInterfaceOrientationPortrait UIInterfaceOrientationPortraitUpsideDown UIInterfaceOrientationLandscapeLeft UIInterfaceOrientationLandscapeRight";
				INFOPLIST_KEY_UISupportedInterfaceOrientations_iPhone = "UIInterfaceOrientationPortrait UIInterfaceOrientationLandscapeLeft UIInterfaceOrientationLandscapeRight";
				LD_RUNPATH_SEARCH_PATHS = (
					"$(inherited)",
					"@executable_path/Frameworks",
				);
				MARKETING_VERSION = 1.0;
				PRODUCT_BUNDLE_IDENTIFIER = com.juanrozo.Movies;
				PRODUCT_NAME = "$(TARGET_NAME)";
				SWIFT_EMIT_LOC_STRINGS = YES;
				SWIFT_VERSION = 5.0;
				TARGETED_DEVICE_FAMILY = "1,2";
			};
			name = Release;
		};
		9BC0B3532CCB564500ECFB30 /* Debug */ = {
			isa = XCBuildConfiguration;
			buildSettings = {
				ALWAYS_SEARCH_USER_PATHS = NO;
				ASSETCATALOG_COMPILER_GENERATE_SWIFT_ASSET_SYMBOL_EXTENSIONS = YES;
				CLANG_ANALYZER_LOCALIZABILITY_NONLOCALIZED = YES;
				CLANG_ANALYZER_NONNULL = YES;
				CLANG_ANALYZER_NUMBER_OBJECT_CONVERSION = YES_AGGRESSIVE;
				CLANG_CXX_LANGUAGE_STANDARD = "gnu++20";
				CLANG_ENABLE_MODULES = YES;
				CLANG_ENABLE_OBJC_ARC = YES;
				CLANG_ENABLE_OBJC_WEAK = YES;
				CLANG_WARN_BLOCK_CAPTURE_AUTORELEASING = YES;
				CLANG_WARN_BOOL_CONVERSION = YES;
				CLANG_WARN_COMMA = YES;
				CLANG_WARN_CONSTANT_CONVERSION = YES;
				CLANG_WARN_DEPRECATED_OBJC_IMPLEMENTATIONS = YES;
				CLANG_WARN_DIRECT_OBJC_ISA_USAGE = YES_ERROR;
				CLANG_WARN_DOCUMENTATION_COMMENTS = YES;
				CLANG_WARN_EMPTY_BODY = YES;
				CLANG_WARN_ENUM_CONVERSION = YES;
				CLANG_WARN_INFINITE_RECURSION = YES;
				CLANG_WARN_INT_CONVERSION = YES;
				CLANG_WARN_NON_LITERAL_NULL_CONVERSION = YES;
				CLANG_WARN_OBJC_IMPLICIT_RETAIN_SELF = YES;
				CLANG_WARN_OBJC_LITERAL_CONVERSION = YES;
				CLANG_WARN_OBJC_ROOT_CLASS = YES_ERROR;
				CLANG_WARN_QUOTED_INCLUDE_IN_FRAMEWORK_HEADER = YES;
				CLANG_WARN_RANGE_LOOP_ANALYSIS = YES;
				CLANG_WARN_STRICT_PROTOTYPES = YES;
				CLANG_WARN_SUSPICIOUS_MOVE = YES;
				CLANG_WARN_UNGUARDED_AVAILABILITY = YES_AGGRESSIVE;
				CLANG_WARN_UNREACHABLE_CODE = YES;
				CLANG_WARN__DUPLICATE_METHOD_MATCH = YES;
				COPY_PHASE_STRIP = NO;
				DEBUG_INFORMATION_FORMAT = dwarf;
				ENABLE_STRICT_OBJC_MSGSEND = YES;
				ENABLE_TESTABILITY = YES;
				ENABLE_USER_SCRIPT_SANDBOXING = YES;
				GCC_C_LANGUAGE_STANDARD = gnu17;
				GCC_DYNAMIC_NO_PIC = NO;
				GCC_NO_COMMON_BLOCKS = YES;
				GCC_OPTIMIZATION_LEVEL = 0;
				GCC_PREPROCESSOR_DEFINITIONS = (
					"DEBUG=1",
					"$(inherited)",
				);
				GCC_WARN_64_TO_32_BIT_CONVERSION = YES;
				GCC_WARN_ABOUT_RETURN_TYPE = YES_ERROR;
				GCC_WARN_UNDECLARED_SELECTOR = YES;
				GCC_WARN_UNINITIALIZED_AUTOS = YES_AGGRESSIVE;
				GCC_WARN_UNUSED_FUNCTION = YES;
				GCC_WARN_UNUSED_VARIABLE = YES;
				IPHONEOS_DEPLOYMENT_TARGET = 18.0;
				LOCALIZATION_PREFERS_STRING_CATALOGS = YES;
				MTL_ENABLE_DEBUG_INFO = INCLUDE_SOURCE;
				MTL_FAST_MATH = YES;
				ONLY_ACTIVE_ARCH = YES;
				SDKROOT = iphoneos;
				SWIFT_ACTIVE_COMPILATION_CONDITIONS = "DEBUG $(inherited)";
				SWIFT_EMIT_LOC_STRINGS = YES;
				SWIFT_OPTIMIZATION_LEVEL = "-Onone";
			};
			name = Debug;
		};
		9BC0B3542CCB564500ECFB30 /* Release */ = {
			isa = XCBuildConfiguration;
			buildSettings = {
				ALWAYS_SEARCH_USER_PATHS = NO;
				ASSETCATALOG_COMPILER_GENERATE_SWIFT_ASSET_SYMBOL_EXTENSIONS = YES;
				CLANG_ANALYZER_LOCALIZABILITY_NONLOCALIZED = YES;
				CLANG_ANALYZER_NONNULL = YES;
				CLANG_ANALYZER_NUMBER_OBJECT_CONVERSION = YES_AGGRESSIVE;
				CLANG_CXX_LANGUAGE_STANDARD = "gnu++20";
				CLANG_ENABLE_MODULES = YES;
				CLANG_ENABLE_OBJC_ARC = YES;
				CLANG_ENABLE_OBJC_WEAK = YES;
				CLANG_WARN_BLOCK_CAPTURE_AUTORELEASING = YES;
				CLANG_WARN_BOOL_CONVERSION = YES;
				CLANG_WARN_COMMA = YES;
				CLANG_WARN_CONSTANT_CONVERSION = YES;
				CLANG_WARN_DEPRECATED_OBJC_IMPLEMENTATIONS = YES;
				CLANG_WARN_DIRECT_OBJC_ISA_USAGE = YES_ERROR;
				CLANG_WARN_DOCUMENTATION_COMMENTS = YES;
				CLANG_WARN_EMPTY_BODY = YES;
				CLANG_WARN_ENUM_CONVERSION = YES;
				CLANG_WARN_INFINITE_RECURSION = YES;
				CLANG_WARN_INT_CONVERSION = YES;
				CLANG_WARN_NON_LITERAL_NULL_CONVERSION = YES;
				CLANG_WARN_OBJC_IMPLICIT_RETAIN_SELF = YES;
				CLANG_WARN_OBJC_LITERAL_CONVERSION = YES;
				CLANG_WARN_OBJC_ROOT_CLASS = YES_ERROR;
				CLANG_WARN_QUOTED_INCLUDE_IN_FRAMEWORK_HEADER = YES;
				CLANG_WARN_RANGE_LOOP_ANALYSIS = YES;
				CLANG_WARN_STRICT_PROTOTYPES = YES;
				CLANG_WARN_SUSPICIOUS_MOVE = YES;
				CLANG_WARN_UNGUARDED_AVAILABILITY = YES_AGGRESSIVE;
				CLANG_WARN_UNREACHABLE_CODE = YES;
				CLANG_WARN__DUPLICATE_METHOD_MATCH = YES;
				COPY_PHASE_STRIP = NO;
				DEBUG_INFORMATION_FORMAT = "dwarf-with-dsym";
				ENABLE_NS_ASSERTIONS = NO;
				ENABLE_STRICT_OBJC_MSGSEND = YES;
				ENABLE_USER_SCRIPT_SANDBOXING = YES;
				GCC_C_LANGUAGE_STANDARD = gnu17;
				GCC_NO_COMMON_BLOCKS = YES;
				GCC_WARN_64_TO_32_BIT_CONVERSION = YES;
				GCC_WARN_ABOUT_RETURN_TYPE = YES_ERROR;
				GCC_WARN_UNDECLARED_SELECTOR = YES;
				GCC_WARN_UNINITIALIZED_AUTOS = YES_AGGRESSIVE;
				GCC_WARN_UNUSED_FUNCTION = YES;
				GCC_WARN_UNUSED_VARIABLE = YES;
				IPHONEOS_DEPLOYMENT_TARGET = 18.0;
				LOCALIZATION_PREFERS_STRING_CATALOGS = YES;
				MTL_ENABLE_DEBUG_INFO = NO;
				MTL_FAST_MATH = YES;
				SDKROOT = iphoneos;
				SWIFT_COMPILATION_MODE = wholemodule;
				SWIFT_EMIT_LOC_STRINGS = YES;
				VALIDATE_PRODUCT = YES;
			};
			name = Release;
		};
/* End XCBuildConfiguration section */

/* Begin XCConfigurationList section */
		9BC0B3382CCB564300ECFB30 /* Build configuration list for PBXProject "Movies" */ = {
			isa = XCConfigurationList;
			buildConfigurations = (
				9BC0B3532CCB564500ECFB30 /* Debug */,
				9BC0B3542CCB564500ECFB30 /* Release */,
			);
			defaultConfigurationIsVisible = 0;
			defaultConfigurationName = Release;
		};
		9BC0B3502CCB564500ECFB30 /* Build configuration list for PBXNativeTarget "Movies" */ = {
			isa = XCConfigurationList;
			buildConfigurations = (
				9BC0B3512CCB564500ECFB30 /* Debug */,
				9BC0B3522CCB564500ECFB30 /* Release */,
			);
			defaultConfigurationIsVisible = 0;
			defaultConfigurationName = Release;
		};
/* End XCConfigurationList section */
	};
	rootObject = 9BC0B3352CCB564300ECFB30 /* Project object */;
}
